
Microsoft Visual Studio Solution File, Format Version 12.00
# Visual Studio Version 17
VisualStudioVersion = 17.6.33513.286
MinimumVisualStudioVersion = 10.0.40219.1
Project("{FAE04EC0-301F-11D3-BF4B-00C04F79EFBC}") = "VividRT", "VividRT.csproj", "{E8215C3F-A5BB-4469-9BE2-9A888EBCF7BB}"
EndProject
Project("{FAE04EC0-301F-11D3-BF4B-00C04F79EFBC}") = "Test1", "..\Test1\Test1.csproj", "{6EFF154B-DC97-474D-A8ED-C84187DB43E6}"
EndProject
Global
	GlobalSection(SolutionConfigurationPlatforms) = preSolution
		Debug|Any CPU = Debug|Any CPU
		Release|Any CPU = Release|Any CPU
	EndGlobalSection
	GlobalSection(ProjectConfigurationPlatforms) = postSolution
		{E8215C3F-A5BB-4469-9BE2-9A888EBCF7BB}.Debug|Any CPU.ActiveCfg = Debug|Any CPU
		{E8215C3F-A5BB-4469-9BE2-9A888EBCF7BB}.Debug|Any CPU.Build.0 = Debug|Any CPU
		{E8215C3F-A5BB-4469-9BE2-9A888EBCF7BB}.Release|Any CPU.ActiveCfg = Release|Any CPU
		{E8215C3F-A5BB-4469-9BE2-9A888EBCF7BB}.Release|Any CPU.Build.0 = Release|Any CPU
		{6EFF154B-DC97-474D-A8ED-C84187DB43E6}.Debug|Any CPU.ActiveCfg = Debug|Any CPU
		{6EFF154B-DC97-474D-A8ED-C84187DB43E6}.Debug|Any CPU.Build.0 = Debug|Any CPU
		{6EFF154B-DC97-474D-A8ED-C84187DB43E6}.Release|Any CPU.ActiveCfg = Release|Any CPU
		{6EFF154B-DC97-474D-A8ED-C84187DB43E6}.Release|Any CPU.Build.0 = Release|Any CPU
	EndGlobalSection
	GlobalSection(SolutionProperties) = preSolution
		HideSolutionNode = FALSE
	EndGlobalSection
	GlobalSection(ExtensibilityGlobals) = postSolution
		SolutionGuid = {6126939B-591C-4341-9233-6EBB337237A4}
	EndGlobalSection
EndGlobal
